
Microsoft Visual Studio Solution File, Format Version 12.00
# Visual Studio Version 17
VisualStudioVersion = 17.7.34221.43
MinimumVisualStudioVersion = 10.0.40219.1
Project("{FAE04EC0-301F-11D3-BF4B-00C04F79EFBC}") = "backend_bossku", "backend_bossku\backend_bossku.csproj", "{95A916F7-FA25-41CA-B780-F4AEEF2970D2}"
EndProject
Global
	GlobalSection(SolutionConfigurationPlatforms) = preSolution
		Debug|Any CPU = Debug|Any CPU
		Release|Any CPU = Release|Any CPU
	EndGlobalSection
	GlobalSection(ProjectConfigurationPlatforms) = postSolution
		{95A916F7-FA25-41CA-B780-F4AEEF2970D2}.Debug|Any CPU.ActiveCfg = Debug|Any CPU
		{95A916F7-FA25-41CA-B780-F4AEEF2970D2}.Debug|Any CPU.Build.0 = Debug|Any CPU
		{95A916F7-FA25-41CA-B780-F4AEEF2970D2}.Release|Any CPU.ActiveCfg = Release|Any CPU
		{95A916F7-FA25-41CA-B780-F4AEEF2970D2}.Release|Any CPU.Build.0 = Release|Any CPU
	EndGlobalSection
	GlobalSection(SolutionProperties) = preSolution
		HideSolutionNode = FALSE
	EndGlobalSection
	GlobalSection(ExtensibilityGlobals) = postSolution
		SolutionGuid = {A68DAE61-CD55-47D4-B07A-01D7DA16136D}
	EndGlobalSection
EndGlobal
